{
  "name": "my-study",
  "version": "0.1.0",
  "lockfileVersion": 1,
  "requires": true,
  "dependencies": {
    "@types/history": {
      "version": "4.7.2",
      "resolved": "http://registry.npm.taobao.org/@types/history/download/@types/history-4.7.2.tgz",
      "integrity": "sha1-DmcOolTVWSQbbus4lPh1SZHnMiA=",
      "dev": true
    },
    "@types/prop-types": {
      "version": "15.5.6",
      "resolved": "http://registry.npm.taobao.org/@types/prop-types/download/@types/prop-types-15.5.6.tgz",
      "integrity": "sha1-nAPT/tcKjVF8GRt3NNooebUMomw=",
      "dev": true
    },
    "@types/react": {
      "version": "16.4.18",
      "resolved": "http://registry.npm.taobao.org/@types/react/download/@types/react-16.4.18.tgz",
      "integrity": "sha1-Liii5/ktP6fWpl8rcydcPjE4oT0=",
      "dev": true,
      "requires": {
        "@types/prop-types": "15.5.6",
        "csstype": "2.5.7"
      }
    },
    "@types/react-addons-perf": {
      "version": "0.14.18",
      "resolved": "http://registry.npm.taobao.org/@types/react-addons-perf/download/@types/react-addons-perf-0.14.18.tgz",
      "integrity": "sha1-mxeCO062BSrD49kdNfQJqdOtq84=",
      "dev": true
    },
    "@types/react-redux": {
      "version": "6.0.9",
      "resolved": "http://registry.npm.taobao.org/@types/react-redux/download/@types/react-redux-6.0.9.tgz",
      "integrity": "sha1-lqp/WwcWvMO/s2zqoSIxGNUJ95o=",
      "dev": true,
      "requires": {
        "@types/react": "16.4.18",
        "redux": "4.0.1"
      }
    },
    "@types/react-router": {
      "version": "4.0.32",
      "resolved": "http://registry.npm.taobao.org/@types/react-router/download/@types/react-router-4.0.32.tgz",
      "integrity": "sha1-UBUp49eqfVxzjTOTZ+Gn3VM4sqc=",
      "dev": true,
      "requires": {
        "@types/history": "4.7.2",
        "@types/react": "16.4.18"
      }
    },
    "@types/react-router-dom": {
      "version": "4.3.1",
      "resolved": "http://registry.npm.taobao.org/@types/react-router-dom/download/@types/react-router-dom-4.3.1.tgz",
      "integrity": "sha1-cf4pGPj2BHSokVIN70CmOZfa/gQ=",
      "dev": true,
      "requires": {
        "@types/history": "4.7.2",
        "@types/react": "16.4.18",
        "@types/react-router": "4.0.32"
      }
    },
    "@types/react-router-redux": {
      "version": "5.0.16",
      "resolved": "http://registry.npm.taobao.org/@types/react-router-redux/download/@types/react-router-redux-5.0.16.tgz",
      "integrity": "sha1-PbKo8EEP6dgh5qzoe3dMi97LOco=",
      "dev": true,
      "requires": {
        "@types/history": "4.7.2",
        "@types/react": "16.4.18",
        "@types/react-router": "4.0.32",
        "redux": "4.0.1"
      }
    },
    "@types/redux-logger": {
      "version": "3.0.6",
      "resolved": "http://registry.npm.taobao.org/@types/redux-logger/download/@types/redux-logger-3.0.6.tgz",
      "integrity": "sha1-TPnVtZa1drAwpLtnFUfwq2P4GnM=",
      "dev": true,
      "requires": {
        "redux": "3.7.2"
      },
      "dependencies": {
        "redux": {
          "version": "3.7.2",
          "resolved": "http://registry.npm.taobao.org/redux/download/redux-3.7.2.tgz",
          "integrity": "sha1-BrcxIyFZAdJdBlvjQusCa8HIU3s=",
          "dev": true,
          "requires": {
            "lodash": "4.17.11",
            "lodash-es": "4.17.11",
            "loose-envify": "1.4.0",
            "symbol-observable": "1.2.0"
          }
        }
      }
    },
    "@types/redux-thunk": {
      "version": "2.1.0",
      "resolved": "http://registry.npm.taobao.org/@types/redux-thunk/download/@types/redux-thunk-2.1.0.tgz",
      "integrity": "sha1-vCtulylhgxr7gqm/TwZybjUflBY=",
      "dev": true,
      "requires": {
        "redux-thunk": "2.3.0"
      },
      "dependencies": {
        "redux-thunk": {
          "version": "2.3.0",
          "resolved": "http://registry.npm.taobao.org/redux-thunk/download/redux-thunk-2.3.0.tgz",
          "integrity": "sha1-UcLBmhhe1Rh6qpotCLZm0NZGdiI=",
          "dev": true
        }
      }
    },
    "asap": {
      "version": "2.0.6",
      "resolved": "http://registry.npm.taobao.org/asap/download/asap-2.0.6.tgz",
      "integrity": "sha1-5QNHYR1+aQlDIIu9r+vLwvuGbUY=",
      "dev": true
    },
    "core-js": {
      "version": "1.2.7",
      "resolved": "http://registry.npm.taobao.org/core-js/download/core-js-1.2.7.tgz",
      "integrity": "sha1-ZSKUwUZR2yj6k70tX/KYOk8IxjY=",
      "dev": true
    },
    "csstype": {
      "version": "2.5.7",
      "resolved": "http://registry.npm.taobao.org/csstype/download/csstype-2.5.7.tgz",
      "integrity": "sha1-v5I11YchQezPstFtgpk8axSRef8=",
      "dev": true
    },
    "deep-diff": {
      "version": "0.3.8",
      "resolved": "http://registry.npm.taobao.org/deep-diff/download/deep-diff-0.3.8.tgz",
      "integrity": "sha1-wB3mPvsO7JeYgB1Ax+Da4ltYLIQ="
    },
    "encoding": {
      "version": "0.1.12",
      "resolved": "http://registry.npm.taobao.org/encoding/download/encoding-0.1.12.tgz",
      "integrity": "sha1-U4tm8+5izRq1HsMjgp0flIDHS+s=",
      "dev": true,
      "requires": {
        "iconv-lite": "0.4.24"
      }
    },
    "fbjs": {
      "version": "0.8.17",
      "resolved": "http://registry.npm.taobao.org/fbjs/download/fbjs-0.8.17.tgz",
      "integrity": "sha1-xNWY6taUkRJlPWWIsBpc3Nn5D90=",
      "dev": true,
      "requires": {
        "core-js": "1.2.7",
        "isomorphic-fetch": "2.2.1",
        "loose-envify": "1.4.0",
        "object-assign": "4.1.1",
        "promise": "7.3.1",
        "setimmediate": "1.0.5",
        "ua-parser-js": "0.7.18"
      }
    },
    "history": {
      "version": "4.7.2",
      "resolved": "http://registry.npm.taobao.org/history/download/history-4.7.2.tgz",
      "integrity": "sha1-IrXH8xYzxbgCHH9KipVKwTnujVs=",
      "requires": {
        "invariant": "2.2.4",
        "loose-envify": "1.4.0",
        "resolve-pathname": "2.2.0",
        "value-equal": "0.4.0",
        "warning": "3.0.0"
      },
      "dependencies": {
        "warning": {
          "version": "3.0.0",
          "resolved": "http://registry.npm.taobao.org/warning/download/warning-3.0.0.tgz",
          "integrity": "sha1-MuU3fLVy3kqwR1O9+IIcAe1gW3w=",
          "requires": {
            "loose-envify": "1.4.0"
          }
        }
      }
    },
    "hoist-non-react-statics": {
      "version": "2.5.5",
      "resolved": "http://registry.npm.taobao.org/hoist-non-react-statics/download/hoist-non-react-statics-2.5.5.tgz",
      "integrity": "sha1-xZA89AnA39kI84jmGdhrnBF0y0c="
    },
    "iconv-lite": {
      "version": "0.4.24",
      "resolved": "http://registry.npm.taobao.org/iconv-lite/download/iconv-lite-0.4.24.tgz",
      "integrity": "sha1-ICK0sl+93CHS9SSXSkdKr+czkIs=",
      "dev": true,
      "requires": {
        "safer-buffer": "2.1.2"
      }
    },
    "immutable": {
      "version": "3.8.2",
      "resolved": "http://registry.npm.taobao.org/immutable/download/immutable-3.8.2.tgz",
      "integrity": "sha1-wkOZUUVbs5kT2vKBN28VMOEErfM="
    },
    "invariant": {
      "version": "2.2.4",
      "resolved": "http://registry.npm.taobao.org/invariant/download/invariant-2.2.4.tgz",
      "integrity": "sha1-YQ88ksk1nOHbYW5TgAjSP/NRWOY=",
      "requires": {
        "loose-envify": "1.4.0"
      }
    },
    "is-stream": {
      "version": "1.1.0",
      "resolved": "http://registry.npm.taobao.org/is-stream/download/is-stream-1.1.0.tgz",
      "integrity": "sha1-EtSj3U5o4Lec6428hBc66A2RykQ=",
      "dev": true
    },
    "isarray": {
      "version": "0.0.1",
      "resolved": "http://registry.npm.taobao.org/isarray/download/isarray-0.0.1.tgz",
      "integrity": "sha1-ihis/Kmo9Bd+Cav8YDiTmwXR7t8="
    },
    "isomorphic-fetch": {
      "version": "2.2.1",
      "resolved": "http://registry.npm.taobao.org/isomorphic-fetch/download/isomorphic-fetch-2.2.1.tgz",
      "integrity": "sha1-YRrhrPFPXoH3KVB0coGf6XM1WKk=",
      "dev": true,
      "requires": {
        "node-fetch": "1.7.3",
        "whatwg-fetch": "3.0.0"
      }
    },
    "js-tokens": {
      "version": "4.0.0",
      "resolved": "http://registry.npm.taobao.org/js-tokens/download/js-tokens-4.0.0.tgz",
      "integrity": "sha1-GSA/tZmR35jjoocFDUZHzerzJJk="
    },
    "lodash": {
      "version": "4.17.11",
      "resolved": "http://registry.npm.taobao.org/lodash/download/lodash-4.17.11.tgz",
      "integrity": "sha1-s56mIp72B+zYniyN8SU2iRysm40="
    },
    "lodash-es": {
      "version": "4.17.11",
      "resolved": "http://registry.npm.taobao.org/lodash-es/download/lodash-es-4.17.11.tgz",
      "integrity": "sha1-FFq0p6xcXlKjUx+08xAlWhUrS+A="
    },
    "loose-envify": {
      "version": "1.4.0",
      "resolved": "http://registry.npm.taobao.org/loose-envify/download/loose-envify-1.4.0.tgz",
      "integrity": "sha1-ce5R+nvkyuwaY4OffmgtgTLTDK8=",
      "requires": {
        "js-tokens": "4.0.0"
      }
    },
    "moment": {
      "version": "2.22.2",
      "resolved": "http://registry.npm.taobao.org/moment/download/moment-2.22.2.tgz",
      "integrity": "sha1-PCV/mDn8DpP/UxSWMiOeuQeD/2Y="
    },
    "node-fetch": {
      "version": "1.7.3",
      "resolved": "http://registry.npm.taobao.org/node-fetch/download/node-fetch-1.7.3.tgz",
      "integrity": "sha1-mA9vcthSEaU0fGsrwYxbhMPrR+8=",
      "dev": true,
      "requires": {
        "encoding": "0.1.12",
        "is-stream": "1.1.0"
      }
    },
    "object-assign": {
      "version": "4.1.1",
      "resolved": "http://registry.npm.taobao.org/object-assign/download/object-assign-4.1.1.tgz",
      "integrity": "sha1-IQmtx5ZYh8/AXLvUQsrIv7s2CGM="
    },
    "path-to-regexp": {
      "version": "1.7.0",
      "resolved": "http://registry.npm.taobao.org/path-to-regexp/download/path-to-regexp-1.7.0.tgz",
      "integrity": "sha1-Wf3g9DW62suhA6hOnTvGTpa5k30=",
      "requires": {
        "isarray": "0.0.1"
      }
    },
    "promise": {
      "version": "7.3.1",
      "resolved": "http://registry.npm.taobao.org/promise/download/promise-7.3.1.tgz",
      "integrity": "sha1-BktyYCsY+Q8pGSuLG8QY/9Hr078=",
      "dev": true,
      "requires": {
        "asap": "2.0.6"
      }
    },
    "prop-types": {
      "version": "15.6.2",
      "resolved": "http://registry.npm.taobao.org/prop-types/download/prop-types-15.6.2.tgz",
      "integrity": "sha1-BdXKd7RFPphdYPx/+MhZCUpJcQI=",
      "requires": {
        "loose-envify": "1.4.0",
        "object-assign": "4.1.1"
      }
    },
    "react-addons-perf": {
      "version": "15.4.2",
      "resolved": "http://registry.npm.taobao.org/react-addons-perf/download/react-addons-perf-15.4.2.tgz",
      "integrity": "sha1-EQvc9cRZxPd8uF7WNLzTOXU2ODs=",
      "dev": true,
      "requires": {
        "fbjs": "0.8.17",
        "object-assign": "4.1.1"
      }
    },
    "react-redux": {
      "version": "5.0.7",
      "resolved": "http://registry.npm.taobao.org/react-redux/download/react-redux-5.0.7.tgz",
      "integrity": "sha1-DcEHbZr7RnD5k/+u9EuPjBFVpMg=",
      "requires": {
        "hoist-non-react-statics": "2.5.5",
        "invariant": "2.2.4",
        "lodash": "4.17.11",
        "lodash-es": "4.17.11",
        "loose-envify": "1.4.0",
        "prop-types": "15.6.2"
      }
    },
    "react-router": {
      "version": "4.3.1",
      "resolved": "http://registry.npm.taobao.org/react-router/download/react-router-4.3.1.tgz",
      "integrity": "sha1-qtpK7xTICcsuaGsFzuR0IjRQbE4=",
      "requires": {
        "history": "4.7.2",
        "hoist-non-react-statics": "2.5.5",
        "invariant": "2.2.4",
        "loose-envify": "1.4.0",
        "path-to-regexp": "1.7.0",
        "prop-types": "15.6.2",
        "warning": "4.0.2"
      }
    },
    "react-router-dom": {
      "version": "4.3.1",
      "resolved": "http://registry.npm.taobao.org/react-router-dom/download/react-router-dom-4.3.1.tgz",
      "integrity": "sha1-TCYZ/CTE+ofJ/Rj0+0pD/mP71cY=",
      "requires": {
        "history": "4.7.2",
        "invariant": "2.2.4",
        "loose-envify": "1.4.0",
        "prop-types": "15.6.2",
        "react-router": "4.3.1",
        "warning": "4.0.2"
      }
    },
    "react-router-redux": {
      "version": "5.0.0-alpha.9",
      "resolved": "http://registry.npm.taobao.org/react-router-redux/download/react-router-redux-5.0.0-alpha.9.tgz",
      "integrity": "sha1-glQxUW4Obx/ZO4gH9r1ZXiPsPRA=",
      "requires": {
        "history": "4.7.2",
        "prop-types": "15.6.2",
        "react-router": "4.3.1"
      }
    },
    "redux": {
      "version": "4.0.1",
      "resolved": "http://registry.npm.taobao.org/redux/download/redux-4.0.1.tgz",
      "integrity": "sha1-Q2yubMQPvkcnaJ18j65EgI8b/vU=",
      "requires": {
        "loose-envify": "1.4.0",
        "symbol-observable": "1.2.0"
      }
    },
    "redux-logger": {
      "version": "3.0.6",
      "resolved": "http://registry.npm.taobao.org/redux-logger/download/redux-logger-3.0.6.tgz",
      "integrity": "sha1-91VZZvMJjzyIYExEnPC69XeCdL8=",
      "requires": {
        "deep-diff": "0.3.8"
      }
    },
    "resolve-pathname": {
      "version": "2.2.0",
      "resolved": "http://registry.npm.taobao.org/resolve-pathname/download/resolve-pathname-2.2.0.tgz",
      "integrity": "sha1-fpriHtgV/WOrGJre7mTcgx7vqHk="
    },
    "safer-buffer": {
      "version": "2.1.2",
      "resolved": "http://registry.npm.taobao.org/safer-buffer/download/safer-buffer-2.1.2.tgz",
      "integrity": "sha1-RPoWGwGHuVSd2Eu5GAL5vYOFzWo=",
      "dev": true
    },
    "setimmediate": {
      "version": "1.0.5",
      "resolved": "http://registry.npm.taobao.org/setimmediate/download/setimmediate-1.0.5.tgz",
      "integrity": "sha1-KQy7Iy4waULX1+qbg3Mqt4VvgoU=",
      "dev": true
    },
    "symbol-observable": {
      "version": "1.2.0",
      "resolved": "http://registry.npm.taobao.org/symbol-observable/download/symbol-observable-1.2.0.tgz",
      "integrity": "sha1-wiaIrtTqs83C3+rLtWFmBWCgCAQ="
    },
    "ua-parser-js": {
      "version": "0.7.18",
      "resolved": "http://registry.npm.taobao.org/ua-parser-js/download/ua-parser-js-0.7.18.tgz",
      "integrity": "sha1-p7/ZL1bt+xFwg7aeMdKqiILUse0=",
      "dev": true
    },
    "value-equal": {
      "version": "0.4.0",
      "resolved": "http://registry.npm.taobao.org/value-equal/download/value-equal-0.4.0.tgz",
      "integrity": "sha1-xb3S9U7gk8BIOdcc4uR1imiQq8c="
    },
    "warning": {
      "version": "4.0.2",
      "resolved": "http://registry.npm.taobao.org/warning/download/warning-4.0.2.tgz",
      "integrity": "sha1-qmh2SAhyEW+j4R1DSw0NjZHkRgc=",
      "requires": {
        "loose-envify": "1.4.0"
      }
    },
    "whatwg-fetch": {
      "version": "3.0.0",
      "resolved": "http://registry.npm.taobao.org/whatwg-fetch/download/whatwg-fetch-3.0.0.tgz",
      "integrity": "sha1-/IBORYzEYACbGiuWa8iBfSV4rvs=",
      "dev": true
    }
  }
}
